
Microsoft Visual Studio Solution File, Format Version 10.00
# Visual Studio 2008
Project("{8BC9CEB8-8B4A-11D0-8D11-00A0C91BC942}") = "client", "client\client.vcproj", "{E9069DC9-4154-4A12-A1EF-7FF3A38B3500}"
	ProjectSection(ProjectDependencies) = postProject
		{0E961365-CF58-47E1-9A51-E41326B6959E} = {0E961365-CF58-47E1-9A51-E41326B6959E}
		{E51425A9-5370-4A7D-8881-360E5EE5821C} = {E51425A9-5370-4A7D-8881-360E5EE5821C}
	EndProjectSection
EndProject
Project("{8BC9CEB8-8B4A-11D0-8D11-00A0C91BC942}") = "MobileTest", "MobileTest\MobileTest.vcproj", "{4F35AB66-DAF0-4393-8AE9-5553D818C9E8}"
EndProject
Project("{8BC9CEB8-8B4A-11D0-8D11-00A0C91BC942}") = "Test", "Test\Test.vcproj", "{7DAA5AA4-761A-41A0-8FE4-0FC62C5B5B96}"
EndProject
Project("{8BC9CEB8-8B4A-11D0-8D11-00A0C91BC942}") = "Evernote API", "Evernote API\Evernote API.vcproj", "{0E961365-CF58-47E1-9A51-E41326B6959E}"
EndProject
Project("{8BC9CEB8-8B4A-11D0-8D11-00A0C91BC942}") = "CallDump", "CallDump\CallDump.vcproj", "{E51425A9-5370-4A7D-8881-360E5EE5821C}"
EndProject
Project("{8BC9CEB8-8B4A-11D0-8D11-00A0C91BC942}") = "GetRealDPI", "GetRealDPI\GetRealDPI.vcproj", "{24EDA49F-836C-48AA-9B79-EBFBD2AC9292}"
EndProject
Project("{8BC9CEB8-8B4A-11D0-8D11-00A0C91BC942}") = "SetupDll", "SetupDll\SetupDll.vcproj", "{9FC7CF9A-0492-4E7A-99CA-57CA787DE214}"
EndProject
Project("{8BC9CEB8-8B4A-11D0-8D11-00A0C91BC942}") = "Decrypt", "Decrypt\Decrypt.vcproj", "{628AB66B-5B2E-4F66-9EA0-7F67FE6538C5}"
EndProject
Project("{B900F1C2-3D47-4FEC-85B3-04AAF18C3634}") = "ClientSetup(WM6)", "ClientSetup(WM6)\ClientSetup(WM6).vddproj", "{D28D4854-00FE-4CBC-BB5C-463D04F1C813}"
EndProject
Project("{B900F1C2-3D47-4FEC-85B3-04AAF18C3634}") = "ClientSetup(WM5)", "ClientSetup(WM5)\ClientSetup(WM5).vddproj", "{70118CA6-FDA2-4FAA-A15D-E05618CF92D1}"
EndProject
Global
	GlobalSection(SolutionConfigurationPlatforms) = preSolution
		Debug|Mixed Platforms = Debug|Mixed Platforms
		Debug|Win32 = Debug|Win32
		Debug|Windows Mobile 5.0 Pocket PC SDK (ARMV4I) = Debug|Windows Mobile 5.0 Pocket PC SDK (ARMV4I)
		Debug|Windows Mobile 5.0 Smartphone SDK (ARMV4I) = Debug|Windows Mobile 5.0 Smartphone SDK (ARMV4I)
		Debug|Windows Mobile 6 Professional SDK (ARMV4I) = Debug|Windows Mobile 6 Professional SDK (ARMV4I)
		Release|Mixed Platforms = Release|Mixed Platforms
		Release|Win32 = Release|Win32
		Release|Windows Mobile 5.0 Pocket PC SDK (ARMV4I) = Release|Windows Mobile 5.0 Pocket PC SDK (ARMV4I)
		Release|Windows Mobile 5.0 Smartphone SDK (ARMV4I) = Release|Windows Mobile 5.0 Smartphone SDK (ARMV4I)
		Release|Windows Mobile 6 Professional SDK (ARMV4I) = Release|Windows Mobile 6 Professional SDK (ARMV4I)
	EndGlobalSection
	GlobalSection(ProjectConfigurationPlatforms) = postSolution
		{E9069DC9-4154-4A12-A1EF-7FF3A38B3500}.Debug|Mixed Platforms.ActiveCfg = Debug|Windows Mobile 6 Professional SDK (ARMV4I)
		{E9069DC9-4154-4A12-A1EF-7FF3A38B3500}.Debug|Mixed Platforms.Build.0 = Debug|Windows Mobile 6 Professional SDK (ARMV4I)
		{E9069DC9-4154-4A12-A1EF-7FF3A38B3500}.Debug|Mixed Platforms.Deploy.0 = Debug|Windows Mobile 6 Professional SDK (ARMV4I)
		{E9069DC9-4154-4A12-A1EF-7FF3A38B3500}.Debug|Win32.ActiveCfg = Debug|Windows Mobile 6 Professional SDK (ARMV4I)
		{E9069DC9-4154-4A12-A1EF-7FF3A38B3500}.Debug|Windows Mobile 5.0 Pocket PC SDK (ARMV4I).ActiveCfg = Debug|Windows Mobile 5.0 Pocket PC SDK (ARMV4I)
		{E9069DC9-4154-4A12-A1EF-7FF3A38B3500}.Debug|Windows Mobile 5.0 Pocket PC SDK (ARMV4I).Build.0 = Debug|Windows Mobile 5.0 Pocket PC SDK (ARMV4I)
		{E9069DC9-4154-4A12-A1EF-7FF3A38B3500}.Debug|Windows Mobile 5.0 Pocket PC SDK (ARMV4I).Deploy.0 = Debug|Windows Mobile 5.0 Pocket PC SDK (ARMV4I)
		{E9069DC9-4154-4A12-A1EF-7FF3A38B3500}.Debug|Windows Mobile 5.0 Smartphone SDK (ARMV4I).ActiveCfg = Debug|Windows Mobile 5.0 Pocket PC SDK (ARMV4I)
		{E9069DC9-4154-4A12-A1EF-7FF3A38B3500}.Debug|Windows Mobile 6 Professional SDK (ARMV4I).ActiveCfg = Debug|Windows Mobile 6 Professional SDK (ARMV4I)
		{E9069DC9-4154-4A12-A1EF-7FF3A38B3500}.Debug|Windows Mobile 6 Professional SDK (ARMV4I).Build.0 = Debug|Windows Mobile 6 Professional SDK (ARMV4I)
		{E9069DC9-4154-4A12-A1EF-7FF3A38B3500}.Debug|Windows Mobile 6 Professional SDK (ARMV4I).Deploy.0 = Debug|Windows Mobile 6 Professional SDK (ARMV4I)
		{E9069DC9-4154-4A12-A1EF-7FF3A38B3500}.Release|Mixed Platforms.ActiveCfg = Release|Windows Mobile 6 Professional SDK (ARMV4I)
		{E9069DC9-4154-4A12-A1EF-7FF3A38B3500}.Release|Mixed Platforms.Build.0 = Release|Windows Mobile 6 Professional SDK (ARMV4I)
		{E9069DC9-4154-4A12-A1EF-7FF3A38B3500}.Release|Mixed Platforms.Deploy.0 = Release|Windows Mobile 6 Professional SDK (ARMV4I)
		{E9069DC9-4154-4A12-A1EF-7FF3A38B3500}.Release|Win32.ActiveCfg = Release|Windows Mobile 6 Professional SDK (ARMV4I)
		{E9069DC9-4154-4A12-A1EF-7FF3A38B3500}.Release|Windows Mobile 5.0 Pocket PC SDK (ARMV4I).ActiveCfg = Release|Windows Mobile 5.0 Pocket PC SDK (ARMV4I)
		{E9069DC9-4154-4A12-A1EF-7FF3A38B3500}.Release|Windows Mobile 5.0 Pocket PC SDK (ARMV4I).Build.0 = Release|Windows Mobile 5.0 Pocket PC SDK (ARMV4I)
		{E9069DC9-4154-4A12-A1EF-7FF3A38B3500}.Release|Windows Mobile 5.0 Pocket PC SDK (ARMV4I).Deploy.0 = Release|Windows Mobile 5.0 Pocket PC SDK (ARMV4I)
		{E9069DC9-4154-4A12-A1EF-7FF3A38B3500}.Release|Windows Mobile 5.0 Smartphone SDK (ARMV4I).ActiveCfg = Release|Windows Mobile 5.0 Pocket PC SDK (ARMV4I)
		{E9069DC9-4154-4A12-A1EF-7FF3A38B3500}.Release|Windows Mobile 6 Professional SDK (ARMV4I).ActiveCfg = Release|Windows Mobile 6 Professional SDK (ARMV4I)
		{E9069DC9-4154-4A12-A1EF-7FF3A38B3500}.Release|Windows Mobile 6 Professional SDK (ARMV4I).Build.0 = Release|Windows Mobile 6 Professional SDK (ARMV4I)
		{E9069DC9-4154-4A12-A1EF-7FF3A38B3500}.Release|Windows Mobile 6 Professional SDK (ARMV4I).Deploy.0 = Release|Windows Mobile 6 Professional SDK (ARMV4I)
		{4F35AB66-DAF0-4393-8AE9-5553D818C9E8}.Debug|Mixed Platforms.ActiveCfg = Debug|Windows Mobile 6 Professional SDK (ARMV4I)
		{4F35AB66-DAF0-4393-8AE9-5553D818C9E8}.Debug|Win32.ActiveCfg = Debug|Windows Mobile 6 Professional SDK (ARMV4I)
		{4F35AB66-DAF0-4393-8AE9-5553D818C9E8}.Debug|Windows Mobile 5.0 Pocket PC SDK (ARMV4I).ActiveCfg = Debug|Windows Mobile 5.0 Pocket PC SDK (ARMV4I)
		{4F35AB66-DAF0-4393-8AE9-5553D818C9E8}.Debug|Windows Mobile 5.0 Smartphone SDK (ARMV4I).ActiveCfg = Debug|Windows Mobile 5.0 Pocket PC SDK (ARMV4I)
		{4F35AB66-DAF0-4393-8AE9-5553D818C9E8}.Debug|Windows Mobile 6 Professional SDK (ARMV4I).ActiveCfg = Debug|Windows Mobile 6 Professional SDK (ARMV4I)
		{4F35AB66-DAF0-4393-8AE9-5553D818C9E8}.Release|Mixed Platforms.ActiveCfg = Release|Windows Mobile 6 Professional SDK (ARMV4I)
		{4F35AB66-DAF0-4393-8AE9-5553D818C9E8}.Release|Win32.ActiveCfg = Release|Windows Mobile 6 Professional SDK (ARMV4I)
		{4F35AB66-DAF0-4393-8AE9-5553D818C9E8}.Release|Windows Mobile 5.0 Pocket PC SDK (ARMV4I).ActiveCfg = Release|Windows Mobile 5.0 Pocket PC SDK (ARMV4I)
		{4F35AB66-DAF0-4393-8AE9-5553D818C9E8}.Release|Windows Mobile 5.0 Smartphone SDK (ARMV4I).ActiveCfg = Release|Windows Mobile 5.0 Pocket PC SDK (ARMV4I)
		{4F35AB66-DAF0-4393-8AE9-5553D818C9E8}.Release|Windows Mobile 6 Professional SDK (ARMV4I).ActiveCfg = Release|Windows Mobile 6 Professional SDK (ARMV4I)
		{7DAA5AA4-761A-41A0-8FE4-0FC62C5B5B96}.Debug|Mixed Platforms.ActiveCfg = Debug|Win32
		{7DAA5AA4-761A-41A0-8FE4-0FC62C5B5B96}.Debug|Mixed Platforms.Build.0 = Debug|Win32
		{7DAA5AA4-761A-41A0-8FE4-0FC62C5B5B96}.Debug|Win32.ActiveCfg = Debug|Win32
		{7DAA5AA4-761A-41A0-8FE4-0FC62C5B5B96}.Debug|Win32.Build.0 = Debug|Win32
		{7DAA5AA4-761A-41A0-8FE4-0FC62C5B5B96}.Debug|Windows Mobile 5.0 Pocket PC SDK (ARMV4I).ActiveCfg = Debug|Win32
		{7DAA5AA4-761A-41A0-8FE4-0FC62C5B5B96}.Debug|Windows Mobile 5.0 Smartphone SDK (ARMV4I).ActiveCfg = Debug|Win32
		{7DAA5AA4-761A-41A0-8FE4-0FC62C5B5B96}.Debug|Windows Mobile 6 Professional SDK (ARMV4I).ActiveCfg = Debug|Win32
		{7DAA5AA4-761A-41A0-8FE4-0FC62C5B5B96}.Release|Mixed Platforms.ActiveCfg = Release|Win32
		{7DAA5AA4-761A-41A0-8FE4-0FC62C5B5B96}.Release|Win32.ActiveCfg = Release|Win32
		{7DAA5AA4-761A-41A0-8FE4-0FC62C5B5B96}.Release|Win32.Build.0 = Release|Win32
		{7DAA5AA4-761A-41A0-8FE4-0FC62C5B5B96}.Release|Windows Mobile 5.0 Pocket PC SDK (ARMV4I).ActiveCfg = Release|Win32
		{7DAA5AA4-761A-41A0-8FE4-0FC62C5B5B96}.Release|Windows Mobile 5.0 Smartphone SDK (ARMV4I).ActiveCfg = Release|Win32
		{7DAA5AA4-761A-41A0-8FE4-0FC62C5B5B96}.Release|Windows Mobile 6 Professional SDK (ARMV4I).ActiveCfg = Release|Win32
		{0E961365-CF58-47E1-9A51-E41326B6959E}.Debug|Mixed Platforms.ActiveCfg = Debug|Windows Mobile 6 Professional SDK (ARMV4I)
		{0E961365-CF58-47E1-9A51-E41326B6959E}.Debug|Win32.ActiveCfg = Debug|Windows Mobile 6 Professional SDK (ARMV4I)
		{0E961365-CF58-47E1-9A51-E41326B6959E}.Debug|Windows Mobile 5.0 Pocket PC SDK (ARMV4I).ActiveCfg = Debug|Windows Mobile 5.0 Pocket PC SDK (ARMV4I)
		{0E961365-CF58-47E1-9A51-E41326B6959E}.Debug|Windows Mobile 5.0 Pocket PC SDK (ARMV4I).Build.0 = Debug|Windows Mobile 5.0 Pocket PC SDK (ARMV4I)
		{0E961365-CF58-47E1-9A51-E41326B6959E}.Debug|Windows Mobile 5.0 Smartphone SDK (ARMV4I).ActiveCfg = Debug|Windows Mobile 5.0 Pocket PC SDK (ARMV4I)
		{0E961365-CF58-47E1-9A51-E41326B6959E}.Debug|Windows Mobile 6 Professional SDK (ARMV4I).ActiveCfg = Debug|Windows Mobile 6 Professional SDK (ARMV4I)
		{0E961365-CF58-47E1-9A51-E41326B6959E}.Debug|Windows Mobile 6 Professional SDK (ARMV4I).Build.0 = Debug|Windows Mobile 6 Professional SDK (ARMV4I)
		{0E961365-CF58-47E1-9A51-E41326B6959E}.Release|Mixed Platforms.ActiveCfg = Release|Windows Mobile 6 Professional SDK (ARMV4I)
		{0E961365-CF58-47E1-9A51-E41326B6959E}.Release|Mixed Platforms.Build.0 = Release|Windows Mobile 6 Professional SDK (ARMV4I)
		{0E961365-CF58-47E1-9A51-E41326B6959E}.Release|Win32.ActiveCfg = Release|Windows Mobile 6 Professional SDK (ARMV4I)
		{0E961365-CF58-47E1-9A51-E41326B6959E}.Release|Windows Mobile 5.0 Pocket PC SDK (ARMV4I).ActiveCfg = Release|Windows Mobile 5.0 Pocket PC SDK (ARMV4I)
		{0E961365-CF58-47E1-9A51-E41326B6959E}.Release|Windows Mobile 5.0 Pocket PC SDK (ARMV4I).Build.0 = Release|Windows Mobile 5.0 Pocket PC SDK (ARMV4I)
		{0E961365-CF58-47E1-9A51-E41326B6959E}.Release|Windows Mobile 5.0 Smartphone SDK (ARMV4I).ActiveCfg = Release|Windows Mobile 5.0 Pocket PC SDK (ARMV4I)
		{0E961365-CF58-47E1-9A51-E41326B6959E}.Release|Windows Mobile 6 Professional SDK (ARMV4I).ActiveCfg = Release|Windows Mobile 6 Professional SDK (ARMV4I)
		{0E961365-CF58-47E1-9A51-E41326B6959E}.Release|Windows Mobile 6 Professional SDK (ARMV4I).Build.0 = Release|Windows Mobile 6 Professional SDK (ARMV4I)
		{E51425A9-5370-4A7D-8881-360E5EE5821C}.Debug|Mixed Platforms.ActiveCfg = Debug|Windows Mobile 6 Professional SDK (ARMV4I)
		{E51425A9-5370-4A7D-8881-360E5EE5821C}.Debug|Win32.ActiveCfg = Debug|Windows Mobile 6 Professional SDK (ARMV4I)
		{E51425A9-5370-4A7D-8881-360E5EE5821C}.Debug|Windows Mobile 5.0 Pocket PC SDK (ARMV4I).ActiveCfg = Debug|Windows Mobile 5.0 Pocket PC SDK (ARMV4I)
		{E51425A9-5370-4A7D-8881-360E5EE5821C}.Debug|Windows Mobile 5.0 Pocket PC SDK (ARMV4I).Build.0 = Debug|Windows Mobile 5.0 Pocket PC SDK (ARMV4I)
		{E51425A9-5370-4A7D-8881-360E5EE5821C}.Debug|Windows Mobile 5.0 Smartphone SDK (ARMV4I).ActiveCfg = Debug|Windows Mobile 5.0 Pocket PC SDK (ARMV4I)
		{E51425A9-5370-4A7D-8881-360E5EE5821C}.Debug|Windows Mobile 6 Professional SDK (ARMV4I).ActiveCfg = Debug|Windows Mobile 6 Professional SDK (ARMV4I)
		{E51425A9-5370-4A7D-8881-360E5EE5821C}.Debug|Windows Mobile 6 Professional SDK (ARMV4I).Build.0 = Debug|Windows Mobile 6 Professional SDK (ARMV4I)
		{E51425A9-5370-4A7D-8881-360E5EE5821C}.Release|Mixed Platforms.ActiveCfg = Release|Windows Mobile 6 Professional SDK (ARMV4I)
		{E51425A9-5370-4A7D-8881-360E5EE5821C}.Release|Mixed Platforms.Build.0 = Release|Windows Mobile 6 Professional SDK (ARMV4I)
		{E51425A9-5370-4A7D-8881-360E5EE5821C}.Release|Win32.ActiveCfg = Release|Windows Mobile 6 Professional SDK (ARMV4I)
		{E51425A9-5370-4A7D-8881-360E5EE5821C}.Release|Windows Mobile 5.0 Pocket PC SDK (ARMV4I).ActiveCfg = Release|Windows Mobile 5.0 Pocket PC SDK (ARMV4I)
		{E51425A9-5370-4A7D-8881-360E5EE5821C}.Release|Windows Mobile 5.0 Pocket PC SDK (ARMV4I).Build.0 = Release|Windows Mobile 5.0 Pocket PC SDK (ARMV4I)
		{E51425A9-5370-4A7D-8881-360E5EE5821C}.Release|Windows Mobile 5.0 Smartphone SDK (ARMV4I).ActiveCfg = Release|Windows Mobile 6 Professional SDK (ARMV4I)
		{E51425A9-5370-4A7D-8881-360E5EE5821C}.Release|Windows Mobile 5.0 Smartphone SDK (ARMV4I).Deploy.0 = Release|Windows Mobile 6 Professional SDK (ARMV4I)
		{E51425A9-5370-4A7D-8881-360E5EE5821C}.Release|Windows Mobile 6 Professional SDK (ARMV4I).ActiveCfg = Release|Windows Mobile 6 Professional SDK (ARMV4I)
		{E51425A9-5370-4A7D-8881-360E5EE5821C}.Release|Windows Mobile 6 Professional SDK (ARMV4I).Build.0 = Release|Windows Mobile 6 Professional SDK (ARMV4I)
		{24EDA49F-836C-48AA-9B79-EBFBD2AC9292}.Debug|Mixed Platforms.ActiveCfg = Debug|Windows Mobile 6 Professional SDK (ARMV4I)
		{24EDA49F-836C-48AA-9B79-EBFBD2AC9292}.Debug|Win32.ActiveCfg = Debug|Windows Mobile 6 Professional SDK (ARMV4I)
		{24EDA49F-836C-48AA-9B79-EBFBD2AC9292}.Debug|Windows Mobile 5.0 Pocket PC SDK (ARMV4I).ActiveCfg = Debug|Windows Mobile 5.0 Pocket PC SDK (ARMV4I)
		{24EDA49F-836C-48AA-9B79-EBFBD2AC9292}.Debug|Windows Mobile 5.0 Pocket PC SDK (ARMV4I).Build.0 = Debug|Windows Mobile 5.0 Pocket PC SDK (ARMV4I)
		{24EDA49F-836C-48AA-9B79-EBFBD2AC9292}.Debug|Windows Mobile 5.0 Smartphone SDK (ARMV4I).ActiveCfg = Debug|Windows Mobile 5.0 Smartphone SDK (ARMV4I)
		{24EDA49F-836C-48AA-9B79-EBFBD2AC9292}.Debug|Windows Mobile 5.0 Smartphone SDK (ARMV4I).Build.0 = Debug|Windows Mobile 5.0 Smartphone SDK (ARMV4I)
		{24EDA49F-836C-48AA-9B79-EBFBD2AC9292}.Debug|Windows Mobile 5.0 Smartphone SDK (ARMV4I).Deploy.0 = Debug|Windows Mobile 5.0 Smartphone SDK (ARMV4I)
		{24EDA49F-836C-48AA-9B79-EBFBD2AC9292}.Debug|Windows Mobile 6 Professional SDK (ARMV4I).ActiveCfg = Debug|Windows Mobile 6 Professional SDK (ARMV4I)
		{24EDA49F-836C-48AA-9B79-EBFBD2AC9292}.Debug|Windows Mobile 6 Professional SDK (ARMV4I).Build.0 = Debug|Windows Mobile 6 Professional SDK (ARMV4I)
		{24EDA49F-836C-48AA-9B79-EBFBD2AC9292}.Release|Mixed Platforms.ActiveCfg = Release|Windows Mobile 6 Professional SDK (ARMV4I)
		{24EDA49F-836C-48AA-9B79-EBFBD2AC9292}.Release|Mixed Platforms.Build.0 = Release|Windows Mobile 6 Professional SDK (ARMV4I)
		{24EDA49F-836C-48AA-9B79-EBFBD2AC9292}.Release|Mixed Platforms.Deploy.0 = Release|Windows Mobile 6 Professional SDK (ARMV4I)
		{24EDA49F-836C-48AA-9B79-EBFBD2AC9292}.Release|Win32.ActiveCfg = Release|Windows Mobile 6 Professional SDK (ARMV4I)
		{24EDA49F-836C-48AA-9B79-EBFBD2AC9292}.Release|Windows Mobile 5.0 Pocket PC SDK (ARMV4I).ActiveCfg = Release|Windows Mobile 5.0 Pocket PC SDK (ARMV4I)
		{24EDA49F-836C-48AA-9B79-EBFBD2AC9292}.Release|Windows Mobile 5.0 Pocket PC SDK (ARMV4I).Build.0 = Release|Windows Mobile 5.0 Pocket PC SDK (ARMV4I)
		{24EDA49F-836C-48AA-9B79-EBFBD2AC9292}.Release|Windows Mobile 5.0 Smartphone SDK (ARMV4I).ActiveCfg = Release|Windows Mobile 5.0 Smartphone SDK (ARMV4I)
		{24EDA49F-836C-48AA-9B79-EBFBD2AC9292}.Release|Windows Mobile 5.0 Smartphone SDK (ARMV4I).Build.0 = Release|Windows Mobile 5.0 Smartphone SDK (ARMV4I)
		{24EDA49F-836C-48AA-9B79-EBFBD2AC9292}.Release|Windows Mobile 5.0 Smartphone SDK (ARMV4I).Deploy.0 = Release|Windows Mobile 5.0 Smartphone SDK (ARMV4I)
		{24EDA49F-836C-48AA-9B79-EBFBD2AC9292}.Release|Windows Mobile 6 Professional SDK (ARMV4I).ActiveCfg = Release|Windows Mobile 6 Professional SDK (ARMV4I)
		{24EDA49F-836C-48AA-9B79-EBFBD2AC9292}.Release|Windows Mobile 6 Professional SDK (ARMV4I).Build.0 = Release|Windows Mobile 6 Professional SDK (ARMV4I)
		{9FC7CF9A-0492-4E7A-99CA-57CA787DE214}.Debug|Mixed Platforms.ActiveCfg = Debug|Windows Mobile 6 Professional SDK (ARMV4I)
		{9FC7CF9A-0492-4E7A-99CA-57CA787DE214}.Debug|Win32.ActiveCfg = Debug|Windows Mobile 6 Professional SDK (ARMV4I)
		{9FC7CF9A-0492-4E7A-99CA-57CA787DE214}.Debug|Windows Mobile 5.0 Pocket PC SDK (ARMV4I).ActiveCfg = Debug|Windows Mobile 5.0 Pocket PC SDK (ARMV4I)
		{9FC7CF9A-0492-4E7A-99CA-57CA787DE214}.Debug|Windows Mobile 5.0 Pocket PC SDK (ARMV4I).Build.0 = Debug|Windows Mobile 5.0 Pocket PC SDK (ARMV4I)
		{9FC7CF9A-0492-4E7A-99CA-57CA787DE214}.Debug|Windows Mobile 5.0 Smartphone SDK (ARMV4I).ActiveCfg = Debug|Windows Mobile 5.0 Smartphone SDK (ARMV4I)
		{9FC7CF9A-0492-4E7A-99CA-57CA787DE214}.Debug|Windows Mobile 5.0 Smartphone SDK (ARMV4I).Build.0 = Debug|Windows Mobile 5.0 Smartphone SDK (ARMV4I)
		{9FC7CF9A-0492-4E7A-99CA-57CA787DE214}.Debug|Windows Mobile 5.0 Smartphone SDK (ARMV4I).Deploy.0 = Debug|Windows Mobile 5.0 Smartphone SDK (ARMV4I)
		{9FC7CF9A-0492-4E7A-99CA-57CA787DE214}.Debug|Windows Mobile 6 Professional SDK (ARMV4I).ActiveCfg = Debug|Windows Mobile 6 Professional SDK (ARMV4I)
		{9FC7CF9A-0492-4E7A-99CA-57CA787DE214}.Debug|Windows Mobile 6 Professional SDK (ARMV4I).Build.0 = Debug|Windows Mobile 6 Professional SDK (ARMV4I)
		{9FC7CF9A-0492-4E7A-99CA-57CA787DE214}.Release|Mixed Platforms.ActiveCfg = Release|Windows Mobile 6 Professional SDK (ARMV4I)
		{9FC7CF9A-0492-4E7A-99CA-57CA787DE214}.Release|Mixed Platforms.Build.0 = Release|Windows Mobile 6 Professional SDK (ARMV4I)
		{9FC7CF9A-0492-4E7A-99CA-57CA787DE214}.Release|Mixed Platforms.Deploy.0 = Release|Windows Mobile 6 Professional SDK (ARMV4I)
		{9FC7CF9A-0492-4E7A-99CA-57CA787DE214}.Release|Win32.ActiveCfg = Release|Windows Mobile 6 Professional SDK (ARMV4I)
		{9FC7CF9A-0492-4E7A-99CA-57CA787DE214}.Release|Windows Mobile 5.0 Pocket PC SDK (ARMV4I).ActiveCfg = Release|Windows Mobile 5.0 Pocket PC SDK (ARMV4I)
		{9FC7CF9A-0492-4E7A-99CA-57CA787DE214}.Release|Windows Mobile 5.0 Pocket PC SDK (ARMV4I).Build.0 = Release|Windows Mobile 5.0 Pocket PC SDK (ARMV4I)
		{9FC7CF9A-0492-4E7A-99CA-57CA787DE214}.Release|Windows Mobile 5.0 Smartphone SDK (ARMV4I).ActiveCfg = Release|Windows Mobile 5.0 Smartphone SDK (ARMV4I)
		{9FC7CF9A-0492-4E7A-99CA-57CA787DE214}.Release|Windows Mobile 5.0 Smartphone SDK (ARMV4I).Build.0 = Release|Windows Mobile 5.0 Smartphone SDK (ARMV4I)
		{9FC7CF9A-0492-4E7A-99CA-57CA787DE214}.Release|Windows Mobile 5.0 Smartphone SDK (ARMV4I).Deploy.0 = Release|Windows Mobile 5.0 Smartphone SDK (ARMV4I)
		{9FC7CF9A-0492-4E7A-99CA-57CA787DE214}.Release|Windows Mobile 6 Professional SDK (ARMV4I).ActiveCfg = Release|Windows Mobile 6 Professional SDK (ARMV4I)
		{9FC7CF9A-0492-4E7A-99CA-57CA787DE214}.Release|Windows Mobile 6 Professional SDK (ARMV4I).Build.0 = Release|Windows Mobile 6 Professional SDK (ARMV4I)
		{628AB66B-5B2E-4F66-9EA0-7F67FE6538C5}.Debug|Mixed Platforms.ActiveCfg = Debug|Win32
		{628AB66B-5B2E-4F66-9EA0-7F67FE6538C5}.Debug|Mixed Platforms.Build.0 = Debug|Win32
		{628AB66B-5B2E-4F66-9EA0-7F67FE6538C5}.Debug|Win32.ActiveCfg = Debug|Win32
		{628AB66B-5B2E-4F66-9EA0-7F67FE6538C5}.Debug|Win32.Build.0 = Debug|Win32
		{628AB66B-5B2E-4F66-9EA0-7F67FE6538C5}.Debug|Windows Mobile 5.0 Pocket PC SDK (ARMV4I).ActiveCfg = Debug|Win32
		{628AB66B-5B2E-4F66-9EA0-7F67FE6538C5}.Debug|Windows Mobile 5.0 Pocket PC SDK (ARMV4I).Build.0 = Debug|Win32
		{628AB66B-5B2E-4F66-9EA0-7F67FE6538C5}.Debug|Windows Mobile 5.0 Smartphone SDK (ARMV4I).ActiveCfg = Debug|Win32
		{628AB66B-5B2E-4F66-9EA0-7F67FE6538C5}.Debug|Windows Mobile 6 Professional SDK (ARMV4I).ActiveCfg = Debug|Win32
		{628AB66B-5B2E-4F66-9EA0-7F67FE6538C5}.Debug|Windows Mobile 6 Professional SDK (ARMV4I).Build.0 = Debug|Win32
		{628AB66B-5B2E-4F66-9EA0-7F67FE6538C5}.Release|Mixed Platforms.ActiveCfg = Release|Win32
		{628AB66B-5B2E-4F66-9EA0-7F67FE6538C5}.Release|Mixed Platforms.Build.0 = Release|Win32
		{628AB66B-5B2E-4F66-9EA0-7F67FE6538C5}.Release|Win32.ActiveCfg = Release|Win32
		{628AB66B-5B2E-4F66-9EA0-7F67FE6538C5}.Release|Win32.Build.0 = Release|Win32
		{628AB66B-5B2E-4F66-9EA0-7F67FE6538C5}.Release|Windows Mobile 5.0 Pocket PC SDK (ARMV4I).ActiveCfg = Release|Win32
		{628AB66B-5B2E-4F66-9EA0-7F67FE6538C5}.Release|Windows Mobile 5.0 Pocket PC SDK (ARMV4I).Build.0 = Release|Win32
		{628AB66B-5B2E-4F66-9EA0-7F67FE6538C5}.Release|Windows Mobile 5.0 Smartphone SDK (ARMV4I).ActiveCfg = Release|Win32
		{628AB66B-5B2E-4F66-9EA0-7F67FE6538C5}.Release|Windows Mobile 6 Professional SDK (ARMV4I).ActiveCfg = Release|Win32
		{628AB66B-5B2E-4F66-9EA0-7F67FE6538C5}.Release|Windows Mobile 6 Professional SDK (ARMV4I).Build.0 = Release|Win32
		{D28D4854-00FE-4CBC-BB5C-463D04F1C813}.Debug|Mixed Platforms.ActiveCfg = Debug
		{D28D4854-00FE-4CBC-BB5C-463D04F1C813}.Debug|Mixed Platforms.Build.0 = Debug
		{D28D4854-00FE-4CBC-BB5C-463D04F1C813}.Debug|Win32.ActiveCfg = Debug
		{D28D4854-00FE-4CBC-BB5C-463D04F1C813}.Debug|Win32.Build.0 = Debug
		{D28D4854-00FE-4CBC-BB5C-463D04F1C813}.Debug|Windows Mobile 5.0 Pocket PC SDK (ARMV4I).ActiveCfg = Debug
		{D28D4854-00FE-4CBC-BB5C-463D04F1C813}.Debug|Windows Mobile 5.0 Pocket PC SDK (ARMV4I).Build.0 = Debug
		{D28D4854-00FE-4CBC-BB5C-463D04F1C813}.Debug|Windows Mobile 5.0 Smartphone SDK (ARMV4I).ActiveCfg = Debug
		{D28D4854-00FE-4CBC-BB5C-463D04F1C813}.Debug|Windows Mobile 5.0 Smartphone SDK (ARMV4I).Build.0 = Debug
		{D28D4854-00FE-4CBC-BB5C-463D04F1C813}.Debug|Windows Mobile 6 Professional SDK (ARMV4I).ActiveCfg = Debug
		{D28D4854-00FE-4CBC-BB5C-463D04F1C813}.Release|Mixed Platforms.ActiveCfg = Release
		{D28D4854-00FE-4CBC-BB5C-463D04F1C813}.Release|Mixed Platforms.Build.0 = Release
		{D28D4854-00FE-4CBC-BB5C-463D04F1C813}.Release|Win32.ActiveCfg = Release
		{D28D4854-00FE-4CBC-BB5C-463D04F1C813}.Release|Win32.Build.0 = Release
		{D28D4854-00FE-4CBC-BB5C-463D04F1C813}.Release|Windows Mobile 5.0 Pocket PC SDK (ARMV4I).ActiveCfg = Release
		{D28D4854-00FE-4CBC-BB5C-463D04F1C813}.Release|Windows Mobile 5.0 Smartphone SDK (ARMV4I).ActiveCfg = Release
		{D28D4854-00FE-4CBC-BB5C-463D04F1C813}.Release|Windows Mobile 5.0 Smartphone SDK (ARMV4I).Build.0 = Release
		{D28D4854-00FE-4CBC-BB5C-463D04F1C813}.Release|Windows Mobile 6 Professional SDK (ARMV4I).ActiveCfg = Release
		{D28D4854-00FE-4CBC-BB5C-463D04F1C813}.Release|Windows Mobile 6 Professional SDK (ARMV4I).Build.0 = Release
		{70118CA6-FDA2-4FAA-A15D-E05618CF92D1}.Debug|Mixed Platforms.ActiveCfg = Debug
		{70118CA6-FDA2-4FAA-A15D-E05618CF92D1}.Debug|Mixed Platforms.Build.0 = Debug
		{70118CA6-FDA2-4FAA-A15D-E05618CF92D1}.Debug|Win32.ActiveCfg = Debug
		{70118CA6-FDA2-4FAA-A15D-E05618CF92D1}.Debug|Win32.Build.0 = Debug
		{70118CA6-FDA2-4FAA-A15D-E05618CF92D1}.Debug|Windows Mobile 5.0 Pocket PC SDK (ARMV4I).ActiveCfg = Debug
		{70118CA6-FDA2-4FAA-A15D-E05618CF92D1}.Debug|Windows Mobile 5.0 Pocket PC SDK (ARMV4I).Build.0 = Debug
		{70118CA6-FDA2-4FAA-A15D-E05618CF92D1}.Debug|Windows Mobile 5.0 Smartphone SDK (ARMV4I).ActiveCfg = Debug
		{70118CA6-FDA2-4FAA-A15D-E05618CF92D1}.Debug|Windows Mobile 5.0 Smartphone SDK (ARMV4I).Build.0 = Debug
		{70118CA6-FDA2-4FAA-A15D-E05618CF92D1}.Debug|Windows Mobile 6 Professional SDK (ARMV4I).ActiveCfg = Debug
		{70118CA6-FDA2-4FAA-A15D-E05618CF92D1}.Release|Mixed Platforms.ActiveCfg = Release
		{70118CA6-FDA2-4FAA-A15D-E05618CF92D1}.Release|Mixed Platforms.Build.0 = Release
		{70118CA6-FDA2-4FAA-A15D-E05618CF92D1}.Release|Win32.ActiveCfg = Release
		{70118CA6-FDA2-4FAA-A15D-E05618CF92D1}.Release|Win32.Build.0 = Release
		{70118CA6-FDA2-4FAA-A15D-E05618CF92D1}.Release|Windows Mobile 5.0 Pocket PC SDK (ARMV4I).ActiveCfg = Release
		{70118CA6-FDA2-4FAA-A15D-E05618CF92D1}.Release|Windows Mobile 5.0 Pocket PC SDK (ARMV4I).Build.0 = Release
		{70118CA6-FDA2-4FAA-A15D-E05618CF92D1}.Release|Windows Mobile 5.0 Smartphone SDK (ARMV4I).ActiveCfg = Release
		{70118CA6-FDA2-4FAA-A15D-E05618CF92D1}.Release|Windows Mobile 5.0 Smartphone SDK (ARMV4I).Build.0 = Release
		{70118CA6-FDA2-4FAA-A15D-E05618CF92D1}.Release|Windows Mobile 6 Professional SDK (ARMV4I).ActiveCfg = Release
	EndGlobalSection
	GlobalSection(SolutionProperties) = preSolution
		HideSolutionNode = FALSE
	EndGlobalSection
EndGlobal
