
Microsoft Visual Studio Solution File, Format Version 10.00
# Visual Studio 2008
Project("{8BC9CEB8-8B4A-11D0-8D11-00A0C91BC942}") = "client", "client\client.vcproj", "{E9069DC9-4154-4A12-A1EF-7FF3A38B3500}"
EndProject
Project("{8BC9CEB8-8B4A-11D0-8D11-00A0C91BC942}") = "MobileTest", "MobileTest\MobileTest.vcproj", "{4F35AB66-DAF0-4393-8AE9-5553D818C9E8}"
EndProject
Project("{8BC9CEB8-8B4A-11D0-8D11-00A0C91BC942}") = "Test", "Test\Test.vcproj", "{7DAA5AA4-761A-41A0-8FE4-0FC62C5B5B96}"
EndProject
Project("{8BC9CEB8-8B4A-11D0-8D11-00A0C91BC942}") = "OpExperiment", "OpExperiment\OpExperiment.vcproj", "{173C5227-2656-46DE-95B8-ADB181EE1D2A}"
EndProject
Global
	GlobalSection(SolutionConfigurationPlatforms) = preSolution
		Debug|Mixed Platforms = Debug|Mixed Platforms
		Debug|Win32 = Debug|Win32
		Debug|Windows Mobile 5.0 Pocket PC SDK (ARMV4I) = Debug|Windows Mobile 5.0 Pocket PC SDK (ARMV4I)
		Debug|Windows Mobile 6 Professional SDK (ARMV4I) = Debug|Windows Mobile 6 Professional SDK (ARMV4I)
		Release|Mixed Platforms = Release|Mixed Platforms
		Release|Win32 = Release|Win32
		Release|Windows Mobile 5.0 Pocket PC SDK (ARMV4I) = Release|Windows Mobile 5.0 Pocket PC SDK (ARMV4I)
		Release|Windows Mobile 6 Professional SDK (ARMV4I) = Release|Windows Mobile 6 Professional SDK (ARMV4I)
	EndGlobalSection
	GlobalSection(ProjectConfigurationPlatforms) = postSolution
		{E9069DC9-4154-4A12-A1EF-7FF3A38B3500}.Debug|Mixed Platforms.ActiveCfg = Debug|Windows Mobile 6 Professional SDK (ARMV4I)
		{E9069DC9-4154-4A12-A1EF-7FF3A38B3500}.Debug|Mixed Platforms.Build.0 = Debug|Windows Mobile 6 Professional SDK (ARMV4I)
		{E9069DC9-4154-4A12-A1EF-7FF3A38B3500}.Debug|Mixed Platforms.Deploy.0 = Debug|Windows Mobile 6 Professional SDK (ARMV4I)
		{E9069DC9-4154-4A12-A1EF-7FF3A38B3500}.Debug|Win32.ActiveCfg = Debug|Windows Mobile 6 Professional SDK (ARMV4I)
		{E9069DC9-4154-4A12-A1EF-7FF3A38B3500}.Debug|Windows Mobile 5.0 Pocket PC SDK (ARMV4I).ActiveCfg = Debug|Windows Mobile 5.0 Pocket PC SDK (ARMV4I)
		{E9069DC9-4154-4A12-A1EF-7FF3A38B3500}.Debug|Windows Mobile 5.0 Pocket PC SDK (ARMV4I).Build.0 = Debug|Windows Mobile 5.0 Pocket PC SDK (ARMV4I)
		{E9069DC9-4154-4A12-A1EF-7FF3A38B3500}.Debug|Windows Mobile 5.0 Pocket PC SDK (ARMV4I).Deploy.0 = Debug|Windows Mobile 5.0 Pocket PC SDK (ARMV4I)
		{E9069DC9-4154-4A12-A1EF-7FF3A38B3500}.Debug|Windows Mobile 6 Professional SDK (ARMV4I).ActiveCfg = Debug|Windows Mobile 6 Professional SDK (ARMV4I)
		{E9069DC9-4154-4A12-A1EF-7FF3A38B3500}.Debug|Windows Mobile 6 Professional SDK (ARMV4I).Build.0 = Debug|Windows Mobile 6 Professional SDK (ARMV4I)
		{E9069DC9-4154-4A12-A1EF-7FF3A38B3500}.Debug|Windows Mobile 6 Professional SDK (ARMV4I).Deploy.0 = Debug|Windows Mobile 6 Professional SDK (ARMV4I)
		{E9069DC9-4154-4A12-A1EF-7FF3A38B3500}.Release|Mixed Platforms.ActiveCfg = Release|Windows Mobile 6 Professional SDK (ARMV4I)
		{E9069DC9-4154-4A12-A1EF-7FF3A38B3500}.Release|Win32.ActiveCfg = Release|Windows Mobile 6 Professional SDK (ARMV4I)
		{E9069DC9-4154-4A12-A1EF-7FF3A38B3500}.Release|Windows Mobile 5.0 Pocket PC SDK (ARMV4I).ActiveCfg = Release|Windows Mobile 5.0 Pocket PC SDK (ARMV4I)
		{E9069DC9-4154-4A12-A1EF-7FF3A38B3500}.Release|Windows Mobile 5.0 Pocket PC SDK (ARMV4I).Build.0 = Release|Windows Mobile 5.0 Pocket PC SDK (ARMV4I)
		{E9069DC9-4154-4A12-A1EF-7FF3A38B3500}.Release|Windows Mobile 5.0 Pocket PC SDK (ARMV4I).Deploy.0 = Release|Windows Mobile 5.0 Pocket PC SDK (ARMV4I)
		{E9069DC9-4154-4A12-A1EF-7FF3A38B3500}.Release|Windows Mobile 6 Professional SDK (ARMV4I).ActiveCfg = Release|Windows Mobile 6 Professional SDK (ARMV4I)
		{E9069DC9-4154-4A12-A1EF-7FF3A38B3500}.Release|Windows Mobile 6 Professional SDK (ARMV4I).Build.0 = Release|Windows Mobile 6 Professional SDK (ARMV4I)
		{E9069DC9-4154-4A12-A1EF-7FF3A38B3500}.Release|Windows Mobile 6 Professional SDK (ARMV4I).Deploy.0 = Release|Windows Mobile 6 Professional SDK (ARMV4I)
		{4F35AB66-DAF0-4393-8AE9-5553D818C9E8}.Debug|Mixed Platforms.ActiveCfg = Debug|Windows Mobile 6 Professional SDK (ARMV4I)
		{4F35AB66-DAF0-4393-8AE9-5553D818C9E8}.Debug|Win32.ActiveCfg = Debug|Windows Mobile 6 Professional SDK (ARMV4I)
		{4F35AB66-DAF0-4393-8AE9-5553D818C9E8}.Debug|Windows Mobile 5.0 Pocket PC SDK (ARMV4I).ActiveCfg = Debug|Windows Mobile 5.0 Pocket PC SDK (ARMV4I)
		{4F35AB66-DAF0-4393-8AE9-5553D818C9E8}.Debug|Windows Mobile 5.0 Pocket PC SDK (ARMV4I).Build.0 = Debug|Windows Mobile 5.0 Pocket PC SDK (ARMV4I)
		{4F35AB66-DAF0-4393-8AE9-5553D818C9E8}.Debug|Windows Mobile 5.0 Pocket PC SDK (ARMV4I).Deploy.0 = Debug|Windows Mobile 5.0 Pocket PC SDK (ARMV4I)
		{4F35AB66-DAF0-4393-8AE9-5553D818C9E8}.Debug|Windows Mobile 6 Professional SDK (ARMV4I).ActiveCfg = Debug|Windows Mobile 6 Professional SDK (ARMV4I)
		{4F35AB66-DAF0-4393-8AE9-5553D818C9E8}.Debug|Windows Mobile 6 Professional SDK (ARMV4I).Build.0 = Debug|Windows Mobile 6 Professional SDK (ARMV4I)
		{4F35AB66-DAF0-4393-8AE9-5553D818C9E8}.Debug|Windows Mobile 6 Professional SDK (ARMV4I).Deploy.0 = Debug|Windows Mobile 6 Professional SDK (ARMV4I)
		{4F35AB66-DAF0-4393-8AE9-5553D818C9E8}.Release|Mixed Platforms.ActiveCfg = Release|Windows Mobile 6 Professional SDK (ARMV4I)
		{4F35AB66-DAF0-4393-8AE9-5553D818C9E8}.Release|Mixed Platforms.Build.0 = Release|Windows Mobile 6 Professional SDK (ARMV4I)
		{4F35AB66-DAF0-4393-8AE9-5553D818C9E8}.Release|Mixed Platforms.Deploy.0 = Release|Windows Mobile 6 Professional SDK (ARMV4I)
		{4F35AB66-DAF0-4393-8AE9-5553D818C9E8}.Release|Win32.ActiveCfg = Release|Windows Mobile 6 Professional SDK (ARMV4I)
		{4F35AB66-DAF0-4393-8AE9-5553D818C9E8}.Release|Windows Mobile 5.0 Pocket PC SDK (ARMV4I).ActiveCfg = Release|Windows Mobile 5.0 Pocket PC SDK (ARMV4I)
		{4F35AB66-DAF0-4393-8AE9-5553D818C9E8}.Release|Windows Mobile 5.0 Pocket PC SDK (ARMV4I).Build.0 = Release|Windows Mobile 5.0 Pocket PC SDK (ARMV4I)
		{4F35AB66-DAF0-4393-8AE9-5553D818C9E8}.Release|Windows Mobile 5.0 Pocket PC SDK (ARMV4I).Deploy.0 = Release|Windows Mobile 5.0 Pocket PC SDK (ARMV4I)
		{4F35AB66-DAF0-4393-8AE9-5553D818C9E8}.Release|Windows Mobile 6 Professional SDK (ARMV4I).ActiveCfg = Release|Windows Mobile 6 Professional SDK (ARMV4I)
		{4F35AB66-DAF0-4393-8AE9-5553D818C9E8}.Release|Windows Mobile 6 Professional SDK (ARMV4I).Build.0 = Release|Windows Mobile 6 Professional SDK (ARMV4I)
		{4F35AB66-DAF0-4393-8AE9-5553D818C9E8}.Release|Windows Mobile 6 Professional SDK (ARMV4I).Deploy.0 = Release|Windows Mobile 6 Professional SDK (ARMV4I)
		{7DAA5AA4-761A-41A0-8FE4-0FC62C5B5B96}.Debug|Mixed Platforms.ActiveCfg = Debug|Win32
		{7DAA5AA4-761A-41A0-8FE4-0FC62C5B5B96}.Debug|Win32.ActiveCfg = Debug|Win32
		{7DAA5AA4-761A-41A0-8FE4-0FC62C5B5B96}.Debug|Win32.Build.0 = Debug|Win32
		{7DAA5AA4-761A-41A0-8FE4-0FC62C5B5B96}.Debug|Windows Mobile 5.0 Pocket PC SDK (ARMV4I).ActiveCfg = Debug|Win32
		{7DAA5AA4-761A-41A0-8FE4-0FC62C5B5B96}.Debug|Windows Mobile 6 Professional SDK (ARMV4I).ActiveCfg = Debug|Win32
		{7DAA5AA4-761A-41A0-8FE4-0FC62C5B5B96}.Release|Mixed Platforms.ActiveCfg = Release|Win32
		{7DAA5AA4-761A-41A0-8FE4-0FC62C5B5B96}.Release|Mixed Platforms.Build.0 = Release|Win32
		{7DAA5AA4-761A-41A0-8FE4-0FC62C5B5B96}.Release|Win32.ActiveCfg = Release|Win32
		{7DAA5AA4-761A-41A0-8FE4-0FC62C5B5B96}.Release|Win32.Build.0 = Release|Win32
		{7DAA5AA4-761A-41A0-8FE4-0FC62C5B5B96}.Release|Windows Mobile 5.0 Pocket PC SDK (ARMV4I).ActiveCfg = Release|Win32
		{7DAA5AA4-761A-41A0-8FE4-0FC62C5B5B96}.Release|Windows Mobile 6 Professional SDK (ARMV4I).ActiveCfg = Release|Win32
		{173C5227-2656-46DE-95B8-ADB181EE1D2A}.Debug|Mixed Platforms.ActiveCfg = Debug|Win32
		{173C5227-2656-46DE-95B8-ADB181EE1D2A}.Debug|Mixed Platforms.Build.0 = Debug|Win32
		{173C5227-2656-46DE-95B8-ADB181EE1D2A}.Debug|Win32.ActiveCfg = Debug|Win32
		{173C5227-2656-46DE-95B8-ADB181EE1D2A}.Debug|Win32.Build.0 = Debug|Win32
		{173C5227-2656-46DE-95B8-ADB181EE1D2A}.Debug|Windows Mobile 5.0 Pocket PC SDK (ARMV4I).ActiveCfg = Debug|Win32
		{173C5227-2656-46DE-95B8-ADB181EE1D2A}.Debug|Windows Mobile 6 Professional SDK (ARMV4I).ActiveCfg = Debug|Win32
		{173C5227-2656-46DE-95B8-ADB181EE1D2A}.Release|Mixed Platforms.ActiveCfg = Release|Win32
		{173C5227-2656-46DE-95B8-ADB181EE1D2A}.Release|Mixed Platforms.Build.0 = Release|Win32
		{173C5227-2656-46DE-95B8-ADB181EE1D2A}.Release|Win32.ActiveCfg = Release|Win32
		{173C5227-2656-46DE-95B8-ADB181EE1D2A}.Release|Win32.Build.0 = Release|Win32
		{173C5227-2656-46DE-95B8-ADB181EE1D2A}.Release|Windows Mobile 5.0 Pocket PC SDK (ARMV4I).ActiveCfg = Release|Win32
		{173C5227-2656-46DE-95B8-ADB181EE1D2A}.Release|Windows Mobile 6 Professional SDK (ARMV4I).ActiveCfg = Release|Win32
	EndGlobalSection
	GlobalSection(SolutionProperties) = preSolution
		HideSolutionNode = FALSE
	EndGlobalSection
EndGlobal
